Microsoft Visual Studio Solution File, Format Version 12.00
# Visual Studio Version 17
VisualStudioVersion = 17.5.2.0
MinimumVisualStudioVersion = 10.0.40219.1
Project("{FAE04EC0-301F-11D3-BF4B-00C04F79EFBC}") = "CalCS", "CalCS.csproj", "{15D24F4D-FCD9-FEEA-25EC-8AAEE69F4FBA}"
EndProject
Global
	GlobalSection(SolutionConfigurationPlatforms) = preSolution
		Debug|Any CPU = Debug|Any CPU
		Release|Any CPU = Release|Any CPU
	EndGlobalSection
	GlobalSection(ProjectConfigurationPlatforms) = postSolution
		{15D24F4D-FCD9-FEEA-25EC-8AAEE69F4FBA}.Debug|Any CPU.ActiveCfg = Debug|Any CPU
		{15D24F4D-FCD9-FEEA-25EC-8AAEE69F4FBA}.Debug|Any CPU.Build.0 = Debug|Any CPU
		{15D24F4D-FCD9-FEEA-25EC-8AAEE69F4FBA}.Release|Any CPU.ActiveCfg = Release|Any CPU
		{15D24F4D-FCD9-FEEA-25EC-8AAEE69F4FBA}.Release|Any CPU.Build.0 = Release|Any CPU
	EndGlobalSection
	GlobalSection(SolutionProperties) = preSolution
		HideSolutionNode = FALSE
	EndGlobalSection
	GlobalSection(ExtensibilityGlobals) = postSolution
		SolutionGuid = {6F76BD28-0F8A-41A7-8CF9-09F6E9046AA9}
	EndGlobalSection
EndGlobal
